
Microsoft Visual Studio Solution File, Format Version 12.00
# Visual Studio Version 16
VisualStudioVersion = 16.0.29215.179
MinimumVisualStudioVersion = 10.0.40219.1
Project("{FAE04EC0-301F-11D3-BF4B-00C04F79EFBC}") = "Integralrechner", "Integralrechner.csproj", "{D34BE995-5A60-4F22-A4DA-CF8F92B8155A}"
EndProject
Global
	GlobalSection(SolutionConfigurationPlatforms) = preSolution
		Debug|Any CPU = Debug|Any CPU
		Release|Any CPU = Release|Any CPU
	EndGlobalSection
	GlobalSection(ProjectConfigurationPlatforms) = postSolution
		{D34BE995-5A60-4F22-A4DA-CF8F92B8155A}.Debug|Any CPU.ActiveCfg = Debug|Any CPU
		{D34BE995-5A60-4F22-A4DA-CF8F92B8155A}.Debug|Any CPU.Build.0 = Debug|Any CPU
		{D34BE995-5A60-4F22-A4DA-CF8F92B8155A}.Release|Any CPU.ActiveCfg = Release|Any CPU
		{D34BE995-5A60-4F22-A4DA-CF8F92B8155A}.Release|Any CPU.Build.0 = Release|Any CPU
	EndGlobalSection
	GlobalSection(SolutionProperties) = preSolution
		HideSolutionNode = FALSE
	EndGlobalSection
	GlobalSection(ExtensibilityGlobals) = postSolution
		SolutionGuid = {A2858C69-1889-4ADE-9994-409FAE19445A}
	EndGlobalSection
EndGlobal
